
Microsoft Visual Studio Solution File, Format Version 12.00
# Visual Studio 14
VisualStudioVersion = 14.0.25420.1
MinimumVisualStudioVersion = 10.0.40219.1
Project("{FAE04EC0-301F-11D3-BF4B-00C04F79EFBC}") = "HelloWebAPI", "HelloWebAPI\HelloWebAPI.csproj", "{0A8AA66C-F2DE-42B3-9482-63F93F9426F9}"
EndProject
Project("{FAE04EC0-301F-11D3-BF4B-00C04F79EFBC}") = "HelloWebAPI.Tests", "HelloWebAPI.Tests\HelloWebAPI.Tests.csproj", "{BA6D2AE1-05F9-4A03-919D-6ECDB311981C}"
EndProject
Project("{FAE04EC0-301F-11D3-BF4B-00C04F79EFBC}") = "OwinWebAPI", "OwinWebAPI\OwinWebAPI.csproj", "{1A937664-AF10-4182-9B8C-FB544B870D89}"
EndProject
Project("{8BB2217D-0F2D-49D1-97BC-3654ED321F3B}") = "CoreWeb", "CoreWeb\CoreWeb.xproj", "{12920F8E-2F1D-4D74-B6FE-919A770F4B6B}"
EndProject
Project("{8BB2217D-0F2D-49D1-97BC-3654ED321F3B}") = "KnotsBLL", "KnotsBLL\KnotsBLL.xproj", "{608EB5C3-C83B-4DAD-A871-3AA479053A5C}"
EndProject
Project("{8BB2217D-0F2D-49D1-97BC-3654ED321F3B}") = "KnotsInterfaces", "KnotsInterfaces\KnotsInterfaces.xproj", "{4BEA4883-9695-426E-83B8-5A3C8867F071}"
EndProject
Project("{8BB2217D-0F2D-49D1-97BC-3654ED321F3B}") = "KnotsRepositories", "KnotsRepositories\KnotsRepositories.xproj", "{4F2DDD07-42C0-412D-BC55-83D0CA8135B6}"
EndProject
Project("{8BB2217D-0F2D-49D1-97BC-3654ED321F3B}") = "KnotsModels", "KnotsModels\KnotsModels.xproj", "{AB69AF59-2A4B-468C-A9B1-36EAD58FF066}"
EndProject
Project("{8BB2217D-0F2D-49D1-97BC-3654ED321F3B}") = "CoreWeb.Tests", "CoreWeb.Tests\CoreWeb.Tests.xproj", "{ED943AE1-FDBB-4DC4-B19A-65C7F8F82078}"
EndProject
Project("{8BB2217D-0F2D-49D1-97BC-3654ED321F3B}") = "KnotsRepositories.Tests", "KnotsRepositories.Tests\KnotsRepositories.Tests.xproj", "{C71717DA-D7B1-4AE5-B037-3DFCC0072567}"
EndProject
Global
	GlobalSection(SolutionConfigurationPlatforms) = preSolution
		Debug|Any CPU = Debug|Any CPU
		Release|Any CPU = Release|Any CPU
	EndGlobalSection
	GlobalSection(ProjectConfigurationPlatforms) = postSolution
		{0A8AA66C-F2DE-42B3-9482-63F93F9426F9}.Debug|Any CPU.ActiveCfg = Debug|Any CPU
		{0A8AA66C-F2DE-42B3-9482-63F93F9426F9}.Debug|Any CPU.Build.0 = Debug|Any CPU
		{0A8AA66C-F2DE-42B3-9482-63F93F9426F9}.Release|Any CPU.ActiveCfg = Release|Any CPU
		{0A8AA66C-F2DE-42B3-9482-63F93F9426F9}.Release|Any CPU.Build.0 = Release|Any CPU
		{BA6D2AE1-05F9-4A03-919D-6ECDB311981C}.Debug|Any CPU.ActiveCfg = Debug|Any CPU
		{BA6D2AE1-05F9-4A03-919D-6ECDB311981C}.Debug|Any CPU.Build.0 = Debug|Any CPU
		{BA6D2AE1-05F9-4A03-919D-6ECDB311981C}.Release|Any CPU.ActiveCfg = Release|Any CPU
		{BA6D2AE1-05F9-4A03-919D-6ECDB311981C}.Release|Any CPU.Build.0 = Release|Any CPU
		{1A937664-AF10-4182-9B8C-FB544B870D89}.Debug|Any CPU.ActiveCfg = Debug|Any CPU
		{1A937664-AF10-4182-9B8C-FB544B870D89}.Debug|Any CPU.Build.0 = Debug|Any CPU
		{1A937664-AF10-4182-9B8C-FB544B870D89}.Release|Any CPU.ActiveCfg = Release|Any CPU
		{1A937664-AF10-4182-9B8C-FB544B870D89}.Release|Any CPU.Build.0 = Release|Any CPU
		{12920F8E-2F1D-4D74-B6FE-919A770F4B6B}.Debug|Any CPU.ActiveCfg = Debug|Any CPU
		{12920F8E-2F1D-4D74-B6FE-919A770F4B6B}.Debug|Any CPU.Build.0 = Debug|Any CPU
		{12920F8E-2F1D-4D74-B6FE-919A770F4B6B}.Release|Any CPU.ActiveCfg = Release|Any CPU
		{12920F8E-2F1D-4D74-B6FE-919A770F4B6B}.Release|Any CPU.Build.0 = Release|Any CPU
		{608EB5C3-C83B-4DAD-A871-3AA479053A5C}.Debug|Any CPU.ActiveCfg = Debug|Any CPU
		{608EB5C3-C83B-4DAD-A871-3AA479053A5C}.Debug|Any CPU.Build.0 = Debug|Any CPU
		{608EB5C3-C83B-4DAD-A871-3AA479053A5C}.Release|Any CPU.ActiveCfg = Release|Any CPU
		{608EB5C3-C83B-4DAD-A871-3AA479053A5C}.Release|Any CPU.Build.0 = Release|Any CPU
		{4BEA4883-9695-426E-83B8-5A3C8867F071}.Debug|Any CPU.ActiveCfg = Debug|Any CPU
		{4BEA4883-9695-426E-83B8-5A3C8867F071}.Debug|Any CPU.Build.0 = Debug|Any CPU
		{4BEA4883-9695-426E-83B8-5A3C8867F071}.Release|Any CPU.ActiveCfg = Release|Any CPU
		{4BEA4883-9695-426E-83B8-5A3C8867F071}.Release|Any CPU.Build.0 = Release|Any CPU
		{4F2DDD07-42C0-412D-BC55-83D0CA8135B6}.Debug|Any CPU.ActiveCfg = Debug|Any CPU
		{4F2DDD07-42C0-412D-BC55-83D0CA8135B6}.Debug|Any CPU.Build.0 = Debug|Any CPU
		{4F2DDD07-42C0-412D-BC55-83D0CA8135B6}.Release|Any CPU.ActiveCfg = Release|Any CPU
		{4F2DDD07-42C0-412D-BC55-83D0CA8135B6}.Release|Any CPU.Build.0 = Release|Any CPU
		{AB69AF59-2A4B-468C-A9B1-36EAD58FF066}.Debug|Any CPU.ActiveCfg = Debug|Any CPU
		{AB69AF59-2A4B-468C-A9B1-36EAD58FF066}.Debug|Any CPU.Build.0 = Debug|Any CPU
		{AB69AF59-2A4B-468C-A9B1-36EAD58FF066}.Release|Any CPU.ActiveCfg = Release|Any CPU
		{AB69AF59-2A4B-468C-A9B1-36EAD58FF066}.Release|Any CPU.Build.0 = Release|Any CPU
		{ED943AE1-FDBB-4DC4-B19A-65C7F8F82078}.Debug|Any CPU.ActiveCfg = Debug|Any CPU
		{ED943AE1-FDBB-4DC4-B19A-65C7F8F82078}.Debug|Any CPU.Build.0 = Debug|Any CPU
		{ED943AE1-FDBB-4DC4-B19A-65C7F8F82078}.Release|Any CPU.ActiveCfg = Release|Any CPU
		{ED943AE1-FDBB-4DC4-B19A-65C7F8F82078}.Release|Any CPU.Build.0 = Release|Any CPU
		{C71717DA-D7B1-4AE5-B037-3DFCC0072567}.Debug|Any CPU.ActiveCfg = Debug|Any CPU
		{C71717DA-D7B1-4AE5-B037-3DFCC0072567}.Debug|Any CPU.Build.0 = Debug|Any CPU
		{C71717DA-D7B1-4AE5-B037-3DFCC0072567}.Release|Any CPU.ActiveCfg = Release|Any CPU
		{C71717DA-D7B1-4AE5-B037-3DFCC0072567}.Release|Any CPU.Build.0 = Release|Any CPU
	EndGlobalSection
	GlobalSection(SolutionProperties) = preSolution
		HideSolutionNode = FALSE
	EndGlobalSection
EndGlobal
